// !$*UTF8*$!
{
	archiveVersion = 1;
	classes = {
	};
	objectVersion = 46;
	objects = {

/* Begin PBXBuildFile section */
		A8A3BD0C1E8BECAA00B603EE /* AppDelegate.swift in Sources */ = {isa = PBXBuildFile; fileRef = A8A3BD0B1E8BECAA00B603EE /* AppDelegate.swift */; };
		A8A3BD0E1E8BECAA00B603EE /* ViewController.swift in Sources */ = {isa = PBXBuildFile; fileRef = A8A3BD0D1E8BECAA00B603EE /* ViewController.swift */; };
		A8A3BD111E8BECAA00B603EE /* Main.storyboard in Resources */ = {isa = PBXBuildFile; fileRef = A8A3BD0F1E8BECAA00B603EE /* Main.storyboard */; };
		A8A3BD131E8BECAA00B603EE /* Assets.xcassets in Resources */ = {isa = PBXBuildFile; fileRef = A8A3BD121E8BECAA00B603EE /* Assets.xcassets */; };
		A8A3BD161E8BECAA00B603EE /* LaunchScreen.storyboard in Resources */ = {isa = PBXBuildFile; fileRef = A8A3BD141E8BECAA00B603EE /* LaunchScreen.storyboard */; };
		A8A3BD201E8BED7800B603EE /* SomeModel.swift in Sources */ = {isa = PBXBuildFile; fileRef = A8A3BD1F1E8BED7800B603EE /* SomeModel.swift */; };
		A8A3BD231E8BF19A00B603EE /* TableViewCell.swift in Sources */ = {isa = PBXBuildFile; fileRef = A8A3BD211E8BF19A00B603EE /* TableViewCell.swift */; };
		A8A3BD241E8BF19A00B603EE /* TableViewCell.xib in Resources */ = {isa = PBXBuildFile; fileRef = A8A3BD221E8BF19A00B603EE /* TableViewCell.xib */; };
		A8A3BD261E8BFA2700B603EE /* DetailViewController.swift in Sources */ = {isa = PBXBuildFile; fileRef = A8A3BD251E8BFA2700B603EE /* DetailViewController.swift */; };
		A8A3BD281E8BFC1200B603EE /* Constants.swift in Sources */ = {isa = PBXBuildFile; fileRef = A8A3BD271E8BFC1200B603EE /* Constants.swift */; };
		E8E56F041E8C916E00C7728D /* NotificationUtil.swift in Sources */ = {isa = PBXBuildFile; fileRef = E8E56F031E8C916E00C7728D /* NotificationUtil.swift */; };
/* End PBXBuildFile section */

/* Begin PBXFileReference section */
		A8A3BD081E8BECAA00B603EE /* Synchronize-Model.app */ = {isa = PBXFileReference; explicitFileType = wrapper.application; includeInIndex = 0; path = "Synchronize-Model.app"; sourceTree = BUILT_PRODUCTS_DIR; };
		A8A3BD0B1E8BECAA00B603EE /* AppDelegate.swift */ = {isa = PBXFileReference; lastKnownFileType = sourcecode.swift; path = AppDelegate.swift; sourceTree = "<group>"; };
		A8A3BD0D1E8BECAA00B603EE /* ViewController.swift */ = {isa = PBXFileReference; lastKnownFileType = sourcecode.swift; path = ViewController.swift; sourceTree = "<group>"; };
		A8A3BD101E8BECAA00B603EE /* Base */ = {isa = PBXFileReference; lastKnownFileType = file.storyboard; name = Base; path = Base.lproj/Main.storyboard; sourceTree = "<group>"; };
		A8A3BD121E8BECAA00B603EE /* Assets.xcassets */ = {isa = PBXFileReference; lastKnownFileType = folder.assetcatalog; path = Assets.xcassets; sourceTree = "<group>"; };
		A8A3BD151E8BECAA00B603EE /* Base */ = {isa = PBXFileReference; lastKnownFileType = file.storyboard; name = Base; path = Base.lproj/LaunchScreen.storyboard; sourceTree = "<group>"; };
		A8A3BD171E8BECAA00B603EE /* Info.plist */ = {isa = PBXFileReference; lastKnownFileType = text.plist.xml; path = Info.plist; sourceTree = "<group>"; };
		A8A3BD1F1E8BED7800B603EE /* SomeModel.swift */ = {isa = PBXFileReference; fileEncoding = 4; lastKnownFileType = sourcecode.swift; path = SomeModel.swift; sourceTree = "<group>"; };
		A8A3BD211E8BF19A00B603EE /* TableViewCell.swift */ = {isa = PBXFileReference; fileEncoding = 4; lastKnownFileType = sourcecode.swift; path = TableViewCell.swift; sourceTree = "<group>"; };
		A8A3BD221E8BF19A00B603EE /* TableViewCell.xib */ = {isa = PBXFileReference; fileEncoding = 4; lastKnownFileType = file.xib; path = TableViewCell.xib; sourceTree = "<group>"; };
		A8A3BD251E8BFA2700B603EE /* DetailViewController.swift */ = {isa = PBXFileReference; fileEncoding = 4; lastKnownFileType = sourcecode.swift; path = DetailViewController.swift; sourceTree = "<group>"; };
		A8A3BD271E8BFC1200B603EE /* Constants.swift */ = {isa = PBXFileReference; fileEncoding = 4; lastKnownFileType = sourcecode.swift; path = Constants.swift; sourceTree = "<group>"; };
		E8E56F031E8C916E00C7728D /* NotificationUtil.swift */ = {isa = PBXFileReference; fileEncoding = 4; lastKnownFileType = sourcecode.swift; path = NotificationUtil.swift; sourceTree = "<group>"; };
/* End PBXFileReference section */

/* Begin PBXFrameworksBuildPhase section */
		A8A3BD051E8BECAA00B603EE /* Frameworks */ = {
			isa = PBXFrameworksBuildPhase;
			buildActionMask = 2147483647;
			files = (
			);
			runOnlyForDeploymentPostprocessing = 0;
		};
/* End PBXFrameworksBuildPhase section */

/* Begin PBXGroup section */
		A8A3BCFF1E8BECAA00B603EE = {
			isa = PBXGroup;
			children = (
				A8A3BD0A1E8BECAA00B603EE /* Synchronize-Model */,
				A8A3BD091E8BECAA00B603EE /* Products */,
			);
			sourceTree = "<group>";
		};
		A8A3BD091E8BECAA00B603EE /* Products */ = {
			isa = PBXGroup;
			children = (
				A8A3BD081E8BECAA00B603EE /* Synchronize-Model.app */,
			);
			name = Products;
			sourceTree = "<group>";
		};
		A8A3BD0A1E8BECAA00B603EE /* Synchronize-Model */ = {
			isa = PBXGroup;
			children = (
				A8A3BD271E8BFC1200B603EE /* Constants.swift */,
				A8A3BD0B1E8BECAA00B603EE /* AppDelegate.swift */,
				A8A3BD0D1E8BECAA00B603EE /* ViewController.swift */,
				A8A3BD251E8BFA2700B603EE /* DetailViewController.swift */,
				A8A3BD1F1E8BED7800B603EE /* SomeModel.swift */,
				A8A3BD0F1E8BECAA00B603EE /* Main.storyboard */,
				A8A3BD211E8BF19A00B603EE /* TableViewCell.swift */,
				A8A3BD221E8BF19A00B603EE /* TableViewCell.xib */,
				A8A3BD121E8BECAA00B603EE /* Assets.xcassets */,
				A8A3BD141E8BECAA00B603EE /* LaunchScreen.storyboard */,
				A8A3BD171E8BECAA00B603EE /* Info.plist */,
				E8E56F031E8C916E00C7728D /* NotificationUtil.swift */,
			);
			path = "Synchronize-Model";
			sourceTree = "<group>";
		};
/* End PBXGroup section */

/* Begin PBXNativeTarget section */
		A8A3BD071E8BECAA00B603EE /* Synchronize-Model */ = {
			isa = PBXNativeTarget;
			buildConfigurationList = A8A3BD1A1E8BECAA00B603EE /* Build configuration list for PBXNativeTarget "Synchronize-Model" */;
			buildPhases = (
				A8A3BD041E8BECAA00B603EE /* Sources */,
				A8A3BD051E8BECAA00B603EE /* Frameworks */,
				A8A3BD061E8BECAA00B603EE /* Resources */,
			);
			buildRules = (
			);
			dependencies = (
			);
			name = "Synchronize-Model";
			productName = "Synchronize-Model";
			productReference = A8A3BD081E8BECAA00B603EE /* Synchronize-Model.app */;
			productType = "com.apple.product-type.application";
		};
/* End PBXNativeTarget section */

/* Begin PBXProject section */
		A8A3BD001E8BECAA00B603EE /* Project object */ = {
			isa = PBXProject;
			attributes = {
				LastSwiftUpdateCheck = 0830;
				LastUpgradeCheck = 0830;
				ORGANIZATIONNAME = Ayakix;
				TargetAttributes = {
					A8A3BD071E8BECAA00B603EE = {
						CreatedOnToolsVersion = 8.3;
						ProvisioningStyle = Automatic;
					};
				};
			};
			buildConfigurationList = A8A3BD031E8BECAA00B603EE /* Build configuration list for PBXProject "Synchronize-Model" */;
			compatibilityVersion = "Xcode 3.2";
			developmentRegion = English;
			hasScannedForEncodings = 0;
			knownRegions = (
				en,
				Base,
			);
			mainGroup = A8A3BCFF1E8BECAA00B603EE;
			productRefGroup = A8A3BD091E8BECAA00B603EE /* Products */;
			projectDirPath = "";
			projectRoot = "";
			targets = (
				A8A3BD071E8BECAA00B603EE /* Synchronize-Model */,
			);
		};
/* End PBXProject section */

/* Begin PBXResourcesBuildPhase section */
		A8A3BD061E8BECAA00B603EE /* Resources */ = {
			isa = PBXResourcesBuildPhase;
			buildActionMask = 2147483647;
			files = (
				A8A3BD161E8BECAA00B603EE /* LaunchScreen.storyboard in Resources */,
				A8A3BD241E8BF19A00B603EE /* TableViewCell.xib in Resources */,
				A8A3BD131E8BECAA00B603EE /* Assets.xcassets in Resources */,
				A8A3BD111E8BECAA00B603EE /* Main.storyboard in Resources */,
			);
			runOnlyForDeploymentPostprocessing = 0;
		};
/* End PBXResourcesBuildPhase section */

/* Begin PBXSourcesBuildPhase section */
		A8A3BD041E8BECAA00B603EE /* Sources */ = {
			isa = PBXSourcesBuildPhase;
			buildActionMask = 2147483647;
			files = (
				A8A3BD201E8BED7800B603EE /* SomeModel.swift in Sources */,
				A8A3BD231E8BF19A00B603EE /* TableViewCell.swift in Sources */,
				A8A3BD261E8BFA2700B603EE /* DetailViewController.swift in Sources */,
				A8A3BD0E1E8BECAA00B603EE /* ViewController.swift in Sources */,
				A8A3BD0C1E8BECAA00B603EE /* AppDelegate.swift in Sources */,
				A8A3BD281E8BFC1200B603EE /* Constants.swift in Sources */,
				E8E56F041E8C916E00C7728D /* NotificationUtil.swift in Sources */,
			);
			runOnlyForDeploymentPostprocessing = 0;
		};
/* End PBXSourcesBuildPhase section */

/* Begin PBXVariantGroup section */
		A8A3BD0F1E8BECAA00B603EE /* Main.storyboard */ = {
			isa = PBXVariantGroup;
			children = (
				A8A3BD101E8BECAA00B603EE /* Base */,
			);
			name = Main.storyboard;
			sourceTree = "<group>";
		};
		A8A3BD141E8BECAA00B603EE /* LaunchScreen.storyboard */ = {
			isa = PBXVariantGroup;
			children = (
				A8A3BD151E8BECAA00B603EE /* Base */,
			);
			name = LaunchScreen.storyboard;
			sourceTree = "<group>";
		};
/* End PBXVariantGroup section */

/* Begin XCBuildConfiguration section */
		A8A3BD181E8BECAA00B603EE /* Debug */ = {
			isa = XCBuildConfiguration;
			buildSettings = {
				ALWAYS_SEARCH_USER_PATHS = NO;
				CLANG_ANALYZER_NONNULL = YES;
				CLANG_ANALYZER_NUMBER_OBJECT_CONVERSION = YES_AGGRESSIVE;
				CLANG_CXX_LANGUAGE_STANDARD = "gnu++0x";
				CLANG_CXX_LIBRARY = "libc++";
				CLANG_ENABLE_MODULES = YES;
				CLANG_ENABLE_OBJC_ARC = YES;
				CLANG_WARN_BOOL_CONVERSION = YES;
				CLANG_WARN_CONSTANT_CONVERSION = YES;
				CLANG_WARN_DIRECT_OBJC_ISA_USAGE = YES_ERROR;
				CLANG_WARN_DOCUMENTATION_COMMENTS = YES;
				CLANG_WARN_EMPTY_BODY = YES;
				CLANG_WARN_ENUM_CONVERSION = YES;
				CLANG_WARN_INFINITE_RECURSION = YES;
				CLANG_WARN_INT_CONVERSION = YES;
				CLANG_WARN_OBJC_ROOT_CLASS = YES_ERROR;
				CLANG_WARN_SUSPICIOUS_MOVE = YES;
				CLANG_WARN_UNREACHABLE_CODE = YES;
				CLANG_WARN__DUPLICATE_METHOD_MATCH = YES;
				"CODE_SIGN_IDENTITY[sdk=iphoneos*]" = "iPhone Developer";
				COPY_PHASE_STRIP = NO;
				DEBUG_INFORMATION_FORMAT = dwarf;
				ENABLE_STRICT_OBJC_MSGSEND = YES;
				ENABLE_TESTABILITY = YES;
				GCC_C_LANGUAGE_STANDARD = gnu99;
				GCC_DYNAMIC_NO_PIC = NO;
				GCC_NO_COMMON_BLOCKS = YES;
				GCC_OPTIMIZATION_LEVEL = 0;
				GCC_PREPROCESSOR_DEFINITIONS = (
					"DEBUG=1",
					"$(inherited)",
				);
				GCC_WARN_64_TO_32_BIT_CONVERSION = YES;
				GCC_WARN_ABOUT_RETURN_TYPE = YES_ERROR;
				GCC_WARN_UNDECLARED_SELECTOR = YES;
				GCC_WARN_UNINITIALIZED_AUTOS = YES_AGGRESSIVE;
				GCC_WARN_UNUSED_FUNCTION = YES;
				GCC_WARN_UNUSED_VARIABLE = YES;
				IPHONEOS_DEPLOYMENT_TARGET = 10.3;
				MTL_ENABLE_DEBUG_INFO = YES;
				ONLY_ACTIVE_ARCH = YES;
				SDKROOT = iphoneos;
				SWIFT_ACTIVE_COMPILATION_CONDITIONS = DEBUG;
				SWIFT_OPTIMIZATION_LEVEL = "-Onone";
				TARGETED_DEVICE_FAMILY = "1,2";
			};
			name = Debug;
		};
		A8A3BD191E8BECAA00B603EE /* Release */ = {
			isa = XCBuildConfiguration;
			buildSettings = {
				ALWAYS_SEARCH_USER_PATHS = NO;
				CLANG_ANALYZER_NONNULL = YES;
				CLANG_ANALYZER_NUMBER_OBJECT_CONVERSION = YES_AGGRESSIVE;
				CLANG_CXX_LANGUAGE_STANDARD = "gnu++0x";
				CLANG_CXX_LIBRARY = "libc++";
				CLANG_ENABLE_MODULES = YES;
				CLANG_ENABLE_OBJC_ARC = YES;
				CLANG_WARN_BOOL_CONVERSION = YES;
				CLANG_WARN_CONSTANT_CONVERSION = YES;
				CLANG_WARN_DIRECT_OBJC_ISA_USAGE = YES_ERROR;
				CLANG_WARN_DOCUMENTATION_COMMENTS = YES;
				CLANG_WARN_EMPTY_BODY = YES;
				CLANG_WARN_ENUM_CONVERSION = YES;
				CLANG_WARN_INFINITE_RECURSION = YES;
				CLANG_WARN_INT_CONVERSION = YES;
				CLANG_WARN_OBJC_ROOT_CLASS = YES_ERROR;
				CLANG_WARN_SUSPICIOUS_MOVE = YES;
				CLANG_WARN_UNREACHABLE_CODE = YES;
				CLANG_WARN__DUPLICATE_METHOD_MATCH = YES;
				"CODE_SIGN_IDENTITY[sdk=iphoneos*]" = "iPhone Developer";
				COPY_PHASE_STRIP = NO;
				DEBUG_INFORMATION_FORMAT = "dwarf-with-dsym";
				ENABLE_NS_ASSERTIONS = NO;
				ENABLE_STRICT_OBJC_MSGSEND = YES;
				GCC_C_LANGUAGE_STANDARD = gnu99;
				GCC_NO_COMMON_BLOCKS = YES;
				GCC_WARN_64_TO_32_BIT_CONVERSION = YES;
				GCC_WARN_ABOUT_RETURN_TYPE = YES_ERROR;
				GCC_WARN_UNDECLARED_SELECTOR = YES;
				GCC_WARN_UNINITIALIZED_AUTOS = YES_AGGRESSIVE;
				GCC_WARN_UNUSED_FUNCTION = YES;
				GCC_WARN_UNUSED_VARIABLE = YES;
				IPHONEOS_DEPLOYMENT_TARGET = 10.3;
				MTL_ENABLE_DEBUG_INFO = NO;
				SDKROOT = iphoneos;
				SWIFT_OPTIMIZATION_LEVEL = "-Owholemodule";
				TARGETED_DEVICE_FAMILY = "1,2";
				VALIDATE_PRODUCT = YES;
			};
			name = Release;
		};
		A8A3BD1B1E8BECAA00B603EE /* Debug */ = {
			isa = XCBuildConfiguration;
			buildSettings = {
				ASSETCATALOG_COMPILER_APPICON_NAME = AppIcon;
				INFOPLIST_FILE = "Synchronize-Model/Info.plist";
				IPHONEOS_DEPLOYMENT_TARGET = 10.1;
				LD_RUNPATH_SEARCH_PATHS = "$(inherited) @executable_path/Frameworks";
				PRODUCT_BUNDLE_IDENTIFIER = "com.ayakix.Synchronize-Model";
				PRODUCT_NAME = "$(TARGET_NAME)";
				SWIFT_VERSION = 3.0;
			};
			name = Debug;
		};
		A8A3BD1C1E8BECAA00B603EE /* Release */ = {
			isa = XCBuildConfiguration;
			buildSettings = {
				ASSETCATALOG_COMPILER_APPICON_NAME = AppIcon;
				INFOPLIST_FILE = "Synchronize-Model/Info.plist";
				IPHONEOS_DEPLOYMENT_TARGET = 10.1;
				LD_RUNPATH_SEARCH_PATHS = "$(inherited) @executable_path/Frameworks";
				PRODUCT_BUNDLE_IDENTIFIER = "com.ayakix.Synchronize-Model";
				PRODUCT_NAME = "$(TARGET_NAME)";
				SWIFT_VERSION = 3.0;
			};
			name = Release;
		};
/* End XCBuildConfiguration section */

/* Begin XCConfigurationList section */
		A8A3BD031E8BECAA00B603EE /* Build configuration list for PBXProject "Synchronize-Model" */ = {
			isa = XCConfigurationList;
			buildConfigurations = (
				A8A3BD181E8BECAA00B603EE /* Debug */,
				A8A3BD191E8BECAA00B603EE /* Release */,
			);
			defaultConfigurationIsVisible = 0;
			defaultConfigurationName = Release;
		};
		A8A3BD1A1E8BECAA00B603EE /* Build configuration list for PBXNativeTarget "Synchronize-Model" */ = {
			isa = XCConfigurationList;
			buildConfigurations = (
				A8A3BD1B1E8BECAA00B603EE /* Debug */,
				A8A3BD1C1E8BECAA00B603EE /* Release */,
			);
			defaultConfigurationIsVisible = 0;
			defaultConfigurationName = Release;
		};
/* End XCConfigurationList section */
	};
	rootObject = A8A3BD001E8BECAA00B603EE /* Project object */;
}
